// !$*UTF8*$!
{
	archiveVersion = 1;
	classes = {
	};
	objectVersion = 50;
	objects = {

/* Begin PBXBuildFile section */
		EBAF273E21F799330055AF47 /* AppDelegate.swift in Sources */ = {isa = PBXBuildFile; fileRef = EBAF273D21F799330055AF47 /* AppDelegate.swift */; };
		EBAF274021F799330055AF47 /* ViewController.swift in Sources */ = {isa = PBXBuildFile; fileRef = EBAF273F21F799330055AF47 /* ViewController.swift */; };
		EBAF274321F799330055AF47 /* Main.storyboard in Resources */ = {isa = PBXBuildFile; fileRef = EBAF274121F799330055AF47 /* Main.storyboard */; };
		EBAF274521F799360055AF47 /* Assets.xcassets in Resources */ = {isa = PBXBuildFile; fileRef = EBAF274421F799360055AF47 /* Assets.xcassets */; };
		EBAF274821F799360055AF47 /* LaunchScreen.storyboard in Resources */ = {isa = PBXBuildFile; fileRef = EBAF274621F799360055AF47 /* LaunchScreen.storyboard */; };
		EBAF275321F799360055AF47 /* Movies_AppTests.swift in Sources */ = {isa = PBXBuildFile; fileRef = EBAF275221F799360055AF47 /* Movies_AppTests.swift */; };
/* End PBXBuildFile section */

/* Begin PBXContainerItemProxy section */
		EBAF274F21F799360055AF47 /* PBXContainerItemProxy */ = {
			isa = PBXContainerItemProxy;
			containerPortal = EBAF273221F799330055AF47 /* Project object */;
			proxyType = 1;
			remoteGlobalIDString = EBAF273921F799330055AF47;
			remoteInfo = "Movies App";
		};
/* End PBXContainerItemProxy section */

/* Begin PBXFileReference section */
		EBAF273A21F799330055AF47 /* Movies App.app */ = {isa = PBXFileReference; explicitFileType = wrapper.application; includeInIndex = 0; path = "Movies App.app"; sourceTree = BUILT_PRODUCTS_DIR; };
		EBAF273D21F799330055AF47 /* AppDelegate.swift */ = {isa = PBXFileReference; lastKnownFileType = sourcecode.swift; path = AppDelegate.swift; sourceTree = "<group>"; };
		EBAF273F21F799330055AF47 /* ViewController.swift */ = {isa = PBXFileReference; lastKnownFileType = sourcecode.swift; path = ViewController.swift; sourceTree = "<group>"; };
		EBAF274221F799330055AF47 /* Base */ = {isa = PBXFileReference; lastKnownFileType = file.storyboard; name = Base; path = Base.lproj/Main.storyboard; sourceTree = "<group>"; };
		EBAF274421F799360055AF47 /* Assets.xcassets */ = {isa = PBXFileReference; lastKnownFileType = folder.assetcatalog; path = Assets.xcassets; sourceTree = "<group>"; };
		EBAF274721F799360055AF47 /* Base */ = {isa = PBXFileReference; lastKnownFileType = file.storyboard; name = Base; path = Base.lproj/LaunchScreen.storyboard; sourceTree = "<group>"; };
		EBAF274921F799360055AF47 /* Info.plist */ = {isa = PBXFileReference; lastKnownFileType = text.plist.xml; path = Info.plist; sourceTree = "<group>"; };
		EBAF274E21F799360055AF47 /* Movies AppTests.xctest */ = {isa = PBXFileReference; explicitFileType = wrapper.cfbundle; includeInIndex = 0; path = "Movies AppTests.xctest"; sourceTree = BUILT_PRODUCTS_DIR; };
		EBAF275221F799360055AF47 /* Movies_AppTests.swift */ = {isa = PBXFileReference; lastKnownFileType = sourcecode.swift; path = Movies_AppTests.swift; sourceTree = "<group>"; };
		EBAF275421F799360055AF47 /* Info.plist */ = {isa = PBXFileReference; lastKnownFileType = text.plist.xml; path = Info.plist; sourceTree = "<group>"; };
/* End PBXFileReference section */

/* Begin PBXFrameworksBuildPhase section */
		EBAF273721F799330055AF47 /* Frameworks */ = {
			isa = PBXFrameworksBuildPhase;
			buildActionMask = 2147483647;
			files = (
			);
			runOnlyForDeploymentPostprocessing = 0;
		};
		EBAF274B21F799360055AF47 /* Frameworks */ = {
			isa = PBXFrameworksBuildPhase;
			buildActionMask = 2147483647;
			files = (
			);
			runOnlyForDeploymentPostprocessing = 0;
		};
/* End PBXFrameworksBuildPhase section */

/* Begin PBXGroup section */
		EBAF273121F799330055AF47 = {
			isa = PBXGroup;
			children = (
				EBAF273C21F799330055AF47 /* Movies App */,
				EBAF275121F799360055AF47 /* Movies AppTests */,
				EBAF273B21F799330055AF47 /* Products */,
			);
			sourceTree = "<group>";
		};
		EBAF273B21F799330055AF47 /* Products */ = {
			isa = PBXGroup;
			children = (
				EBAF273A21F799330055AF47 /* Movies App.app */,
				EBAF274E21F799360055AF47 /* Movies AppTests.xctest */,
			);
			name = Products;
			sourceTree = "<group>";
		};
		EBAF273C21F799330055AF47 /* Movies App */ = {
			isa = PBXGroup;
			children = (
				EBAF273D21F799330055AF47 /* AppDelegate.swift */,
				EBAF273F21F799330055AF47 /* ViewController.swift */,
				EBAF274121F799330055AF47 /* Main.storyboard */,
				EBAF274421F799360055AF47 /* Assets.xcassets */,
				EBAF274621F799360055AF47 /* LaunchScreen.storyboard */,
				EBAF274921F799360055AF47 /* Info.plist */,
			);
			path = "Movies App";
			sourceTree = "<group>";
		};
		EBAF275121F799360055AF47 /* Movies AppTests */ = {
			isa = PBXGroup;
			children = (
				EBAF275221F799360055AF47 /* Movies_AppTests.swift */,
				EBAF275421F799360055AF47 /* Info.plist */,
			);
			path = "Movies AppTests";
			sourceTree = "<group>";
		};
/* End PBXGroup section */

/* Begin PBXNativeTarget section */
		EBAF273921F799330055AF47 /* Movies App */ = {
			isa = PBXNativeTarget;
			buildConfigurationList = EBAF275721F799370055AF47 /* Build configuration list for PBXNativeTarget "Movies App" */;
			buildPhases = (
				EBAF273621F799330055AF47 /* Sources */,
				EBAF273721F799330055AF47 /* Frameworks */,
				EBAF273821F799330055AF47 /* Resources */,
			);
			buildRules = (
			);
			dependencies = (
			);
			name = "Movies App";
			productName = "Movies App";
			productReference = EBAF273A21F799330055AF47 /* Movies App.app */;
			productType = "com.apple.product-type.application";
		};
		EBAF274D21F799360055AF47 /* Movies AppTests */ = {
			isa = PBXNativeTarget;
			buildConfigurationList = EBAF275A21F799370055AF47 /* Build configuration list for PBXNativeTarget "Movies AppTests" */;
			buildPhases = (
				EBAF274A21F799360055AF47 /* Sources */,
				EBAF274B21F799360055AF47 /* Frameworks */,
				EBAF274C21F799360055AF47 /* Resources */,
			);
			buildRules = (
			);
			dependencies = (
				EBAF275021F799360055AF47 /* PBXTargetDependency */,
			);
			name = "Movies AppTests";
			productName = "Movies AppTests";
			productReference = EBAF274E21F799360055AF47 /* Movies AppTests.xctest */;
			productType = "com.apple.product-type.bundle.unit-test";
		};
/* End PBXNativeTarget section */

/* Begin PBXProject section */
		EBAF273221F799330055AF47 /* Project object */ = {
			isa = PBXProject;
			attributes = {
				LastSwiftUpdateCheck = 1010;
				LastUpgradeCheck = 1010;
				ORGANIZATIONNAME = "Iyin Raphael";
				TargetAttributes = {
					EBAF273921F799330055AF47 = {
						CreatedOnToolsVersion = 10.1;
					};
					EBAF274D21F799360055AF47 = {
						CreatedOnToolsVersion = 10.1;
						TestTargetID = EBAF273921F799330055AF47;
					};
				};
			};
			buildConfigurationList = EBAF273521F799330055AF47 /* Build configuration list for PBXProject "Movies App" */;
			compatibilityVersion = "Xcode 9.3";
			developmentRegion = en;
			hasScannedForEncodings = 0;
			knownRegions = (
				en,
				Base,
			);
			mainGroup = EBAF273121F799330055AF47;
			productRefGroup = EBAF273B21F799330055AF47 /* Products */;
			projectDirPath = "";
			projectRoot = "";
			targets = (
				EBAF273921F799330055AF47 /* Movies App */,
				EBAF274D21F799360055AF47 /* Movies AppTests */,
			);
		};
/* End PBXProject section */

/* Begin PBXResourcesBuildPhase section */
		EBAF273821F799330055AF47 /* Resources */ = {
			isa = PBXResourcesBuildPhase;
			buildActionMask = 2147483647;
			files = (
				EBAF274821F799360055AF47 /* LaunchScreen.storyboard in Resources */,
				EBAF274521F799360055AF47 /* Assets.xcassets in Resources */,
				EBAF274321F799330055AF47 /* Main.storyboard in Resources */,
			);
			runOnlyForDeploymentPostprocessing = 0;
		};
		EBAF274C21F799360055AF47 /* Resources */ = {
			isa = PBXResourcesBuildPhase;
			buildActionMask = 2147483647;
			files = (
			);
			runOnlyForDeploymentPostprocessing = 0;
		};
/* End PBXResourcesBuildPhase section */

/* Begin PBXSourcesBuildPhase section */
		EBAF273621F799330055AF47 /* Sources */ = {
			isa = PBXSourcesBuildPhase;
			buildActionMask = 2147483647;
			files = (
				EBAF274021F799330055AF47 /* ViewController.swift in Sources */,
				EBAF273E21F799330055AF47 /* AppDelegate.swift in Sources */,
			);
			runOnlyForDeploymentPostprocessing = 0;
		};
		EBAF274A21F799360055AF47 /* Sources */ = {
			isa = PBXSourcesBuildPhase;
			buildActionMask = 2147483647;
			files = (
				EBAF275321F799360055AF47 /* Movies_AppTests.swift in Sources */,
			);
			runOnlyForDeploymentPostprocessing = 0;
		};
/* End PBXSourcesBuildPhase section */

/* Begin PBXTargetDependency section */
		EBAF275021F799360055AF47 /* PBXTargetDependency */ = {
			isa = PBXTargetDependency;
			target = EBAF273921F799330055AF47 /* Movies App */;
			targetProxy = EBAF274F21F799360055AF47 /* PBXContainerItemProxy */;
		};
/* End PBXTargetDependency section */

/* Begin PBXVariantGroup section */
		EBAF274121F799330055AF47 /* Main.storyboard */ = {
			isa = PBXVariantGroup;
			children = (
				EBAF274221F799330055AF47 /* Base */,
			);
			name = Main.storyboard;
			sourceTree = "<group>";
		};
		EBAF274621F799360055AF47 /* LaunchScreen.storyboard */ = {
			isa = PBXVariantGroup;
			children = (
				EBAF274721F799360055AF47 /* Base */,
			);
			name = LaunchScreen.storyboard;
			sourceTree = "<group>";
		};
/* End PBXVariantGroup section */

/* Begin XCBuildConfiguration section */
		EBAF275521F799370055AF47 /* Debug */ = {
			isa = XCBuildConfiguration;
			buildSettings = {
				ALWAYS_SEARCH_USER_PATHS = NO;
				CLANG_ANALYZER_NONNULL = YES;
				CLANG_ANALYZER_NUMBER_OBJECT_CONVERSION = YES_AGGRESSIVE;
				CLANG_CXX_LANGUAGE_STANDARD = "gnu++14";
				CLANG_CXX_LIBRARY = "libc++";
				CLANG_ENABLE_MODULES = YES;
				CLANG_ENABLE_OBJC_ARC = YES;
				CLANG_ENABLE_OBJC_WEAK = YES;
				CLANG_WARN_BLOCK_CAPTURE_AUTORELEASING = YES;
				CLANG_WARN_BOOL_CONVERSION = YES;
				CLANG_WARN_COMMA = YES;
				CLANG_WARN_CONSTANT_CONVERSION = YES;
				CLANG_WARN_DEPRECATED_OBJC_IMPLEMENTATIONS = YES;
				CLANG_WARN_DIRECT_OBJC_ISA_USAGE = YES_ERROR;
				CLANG_WARN_DOCUMENTATION_COMMENTS = YES;
				CLANG_WARN_EMPTY_BODY = YES;
				CLANG_WARN_ENUM_CONVERSION = YES;
				CLANG_WARN_INFINITE_RECURSION = YES;
				CLANG_WARN_INT_CONVERSION = YES;
				CLANG_WARN_NON_LITERAL_NULL_CONVERSION = YES;
				CLANG_WARN_OBJC_IMPLICIT_RETAIN_SELF = YES;
				CLANG_WARN_OBJC_LITERAL_CONVERSION = YES;
				CLANG_WARN_OBJC_ROOT_CLASS = YES_ERROR;
				CLANG_WARN_RANGE_LOOP_ANALYSIS = YES;
				CLANG_WARN_STRICT_PROTOTYPES = YES;
				CLANG_WARN_SUSPICIOUS_MOVE = YES;
				CLANG_WARN_UNGUARDED_AVAILABILITY = YES_AGGRESSIVE;
				CLANG_WARN_UNREACHABLE_CODE = YES;
				CLANG_WARN__DUPLICATE_METHOD_MATCH = YES;
				CODE_SIGN_IDENTITY = "iPhone Developer";
				COPY_PHASE_STRIP = NO;
				DEBUG_INFORMATION_FORMAT = dwarf;
				ENABLE_STRICT_OBJC_MSGSEND = YES;
				ENABLE_TESTABILITY = YES;
				GCC_C_LANGUAGE_STANDARD = gnu11;
				GCC_DYNAMIC_NO_PIC = NO;
				GCC_NO_COMMON_BLOCKS = YES;
				GCC_OPTIMIZATION_LEVEL = 0;
				GCC_PREPROCESSOR_DEFINITIONS = (
					"DEBUG=1",
					"$(inherited)",
				);
				GCC_WARN_64_TO_32_BIT_CONVERSION = YES;
				GCC_WARN_ABOUT_RETURN_TYPE = YES_ERROR;
				GCC_WARN_UNDECLARED_SELECTOR = YES;
				GCC_WARN_UNINITIALIZED_AUTOS = YES_AGGRESSIVE;
				GCC_WARN_UNUSED_FUNCTION = YES;
				GCC_WARN_UNUSED_VARIABLE = YES;
				IPHONEOS_DEPLOYMENT_TARGET = 12.1;
				MTL_ENABLE_DEBUG_INFO = INCLUDE_SOURCE;
				MTL_FAST_MATH = YES;
				ONLY_ACTIVE_ARCH = YES;
				SDKROOT = iphoneos;
				SWIFT_ACTIVE_COMPILATION_CONDITIONS = DEBUG;
				SWIFT_OPTIMIZATION_LEVEL = "-Onone";
			};
			name = Debug;
		};
		EBAF275621F799370055AF47 /* Release */ = {
			isa = XCBuildConfiguration;
			buildSettings = {
				ALWAYS_SEARCH_USER_PATHS = NO;
				CLANG_ANALYZER_NONNULL = YES;
				CLANG_ANALYZER_NUMBER_OBJECT_CONVERSION = YES_AGGRESSIVE;
				CLANG_CXX_LANGUAGE_STANDARD = "gnu++14";
				CLANG_CXX_LIBRARY = "libc++";
				CLANG_ENABLE_MODULES = YES;
				CLANG_ENABLE_OBJC_ARC = YES;
				CLANG_ENABLE_OBJC_WEAK = YES;
				CLANG_WARN_BLOCK_CAPTURE_AUTORELEASING = YES;
				CLANG_WARN_BOOL_CONVERSION = YES;
				CLANG_WARN_COMMA = YES;
				CLANG_WARN_CONSTANT_CONVERSION = YES;
				CLANG_WARN_DEPRECATED_OBJC_IMPLEMENTATIONS = YES;
				CLANG_WARN_DIRECT_OBJC_ISA_USAGE = YES_ERROR;
				CLANG_WARN_DOCUMENTATION_COMMENTS = YES;
				CLANG_WARN_EMPTY_BODY = YES;
				CLANG_WARN_ENUM_CONVERSION = YES;
				CLANG_WARN_INFINITE_RECURSION = YES;
				CLANG_WARN_INT_CONVERSION = YES;
				CLANG_WARN_NON_LITERAL_NULL_CONVERSION = YES;
				CLANG_WARN_OBJC_IMPLICIT_RETAIN_SELF = YES;
				CLANG_WARN_OBJC_LITERAL_CONVERSION = YES;
				CLANG_WARN_OBJC_ROOT_CLASS = YES_ERROR;
				CLANG_WARN_RANGE_LOOP_ANALYSIS = YES;
				CLANG_WARN_STRICT_PROTOTYPES = YES;
				CLANG_WARN_SUSPICIOUS_MOVE = YES;
				CLANG_WARN_UNGUARDED_AVAILABILITY = YES_AGGRESSIVE;
				CLANG_WARN_UNREACHABLE_CODE = YES;
				CLANG_WARN__DUPLICATE_METHOD_MATCH = YES;
				CODE_SIGN_IDENTITY = "iPhone Developer";
				COPY_PHASE_STRIP = NO;
				DEBUG_INFORMATION_FORMAT = "dwarf-with-dsym";
				ENABLE_NS_ASSERTIONS = NO;
				ENABLE_STRICT_OBJC_MSGSEND = YES;
				GCC_C_LANGUAGE_STANDARD = gnu11;
				GCC_NO_COMMON_BLOCKS = YES;
				GCC_WARN_64_TO_32_BIT_CONVERSION = YES;
				GCC_WARN_ABOUT_RETURN_TYPE = YES_ERROR;
				GCC_WARN_UNDECLARED_SELECTOR = YES;
				GCC_WARN_UNINITIALIZED_AUTOS = YES_AGGRESSIVE;
				GCC_WARN_UNUSED_FUNCTION = YES;
				GCC_WARN_UNUSED_VARIABLE = YES;
				IPHONEOS_DEPLOYMENT_TARGET = 12.1;
				MTL_ENABLE_DEBUG_INFO = NO;
				MTL_FAST_MATH = YES;
				SDKROOT = iphoneos;
				SWIFT_COMPILATION_MODE = wholemodule;
				SWIFT_OPTIMIZATION_LEVEL = "-O";
				VALIDATE_PRODUCT = YES;
			};
			name = Release;
		};
		EBAF275821F799370055AF47 /* Debug */ = {
			isa = XCBuildConfiguration;
			buildSettings = {
				ASSETCATALOG_COMPILER_APPICON_NAME = AppIcon;
				CODE_SIGN_STYLE = Automatic;
				INFOPLIST_FILE = "Movies App/Info.plist";
				LD_RUNPATH_SEARCH_PATHS = (
					"$(inherited)",
					"@executable_path/Frameworks",
				);
				PRODUCT_BUNDLE_IDENTIFIER = "com.iyinraphael.Movies-App";
				PRODUCT_NAME = "$(TARGET_NAME)";
				SWIFT_VERSION = 4.2;
				TARGETED_DEVICE_FAMILY = "1,2";
			};
			name = Debug;
		};
		EBAF275921F799370055AF47 /* Release */ = {
			isa = XCBuildConfiguration;
			buildSettings = {
				ASSETCATALOG_COMPILER_APPICON_NAME = AppIcon;
				CODE_SIGN_STYLE = Automatic;
				INFOPLIST_FILE = "Movies App/Info.plist";
				LD_RUNPATH_SEARCH_PATHS = (
					"$(inherited)",
					"@executable_path/Frameworks",
				);
				PRODUCT_BUNDLE_IDENTIFIER = "com.iyinraphael.Movies-App";
				PRODUCT_NAME = "$(TARGET_NAME)";
				SWIFT_VERSION = 4.2;
				TARGETED_DEVICE_FAMILY = "1,2";
			};
			name = Release;
		};
		EBAF275B21F799370055AF47 /* Debug */ = {
			isa = XCBuildConfiguration;
			buildSettings = {
				ALWAYS_EMBED_SWIFT_STANDARD_LIBRARIES = YES;
				BUNDLE_LOADER = "$(TEST_HOST)";
				CODE_SIGN_STYLE = Automatic;
				INFOPLIST_FILE = "Movies AppTests/Info.plist";
				LD_RUNPATH_SEARCH_PATHS = (
					"$(inherited)",
					"@executable_path/Frameworks",
					"@loader_path/Frameworks",
				);
				PRODUCT_BUNDLE_IDENTIFIER = "com.iyinraphael.Movies-AppTests";
				PRODUCT_NAME = "$(TARGET_NAME)";
				SWIFT_VERSION = 4.2;
				TARGETED_DEVICE_FAMILY = "1,2";
				TEST_HOST = "$(BUILT_PRODUCTS_DIR)/Movies App.app/Movies App";
			};
			name = Debug;
		};
		EBAF275C21F799370055AF47 /* Release */ = {
			isa = XCBuildConfiguration;
			buildSettings = {
				ALWAYS_EMBED_SWIFT_STANDARD_LIBRARIES = YES;
				BUNDLE_LOADER = "$(TEST_HOST)";
				CODE_SIGN_STYLE = Automatic;
				INFOPLIST_FILE = "Movies AppTests/Info.plist";
				LD_RUNPATH_SEARCH_PATHS = (
					"$(inherited)",
					"@executable_path/Frameworks",
					"@loader_path/Frameworks",
				);
				PRODUCT_BUNDLE_IDENTIFIER = "com.iyinraphael.Movies-AppTests";
				PRODUCT_NAME = "$(TARGET_NAME)";
				SWIFT_VERSION = 4.2;
				TARGETED_DEVICE_FAMILY = "1,2";
				TEST_HOST = "$(BUILT_PRODUCTS_DIR)/Movies App.app/Movies App";
			};
			name = Release;
		};
/* End XCBuildConfiguration section */

/* Begin XCConfigurationList section */
		EBAF273521F799330055AF47 /* Build configuration list for PBXProject "Movies App" */ = {
			isa = XCConfigurationList;
			buildConfigurations = (
				EBAF275521F799370055AF47 /* Debug */,
				EBAF275621F799370055AF47 /* Release */,
			);
			defaultConfigurationIsVisible = 0;
			defaultConfigurationName = Release;
		};
		EBAF275721F799370055AF47 /* Build configuration list for PBXNativeTarget "Movies App" */ = {
			isa = XCConfigurationList;
			buildConfigurations = (
				EBAF275821F799370055AF47 /* Debug */,
				EBAF275921F799370055AF47 /* Release */,
			);
			defaultConfigurationIsVisible = 0;
			defaultConfigurationName = Release;
		};
		EBAF275A21F799370055AF47 /* Build configuration list for PBXNativeTarget "Movies AppTests" */ = {
			isa = XCConfigurationList;
			buildConfigurations = (
				EBAF275B21F799370055AF47 /* Debug */,
				EBAF275C21F799370055AF47 /* Release */,
			);
			defaultConfigurationIsVisible = 0;
			defaultConfigurationName = Release;
		};
/* End XCConfigurationList section */
	};
	rootObject = EBAF273221F799330055AF47 /* Project object */;
}
